
Microsoft Visual Studio Solution File, Format Version 12.00
# Visual Studio 15
VisualStudioVersion = 15.0.28307.1525
MinimumVisualStudioVersion = 10.0.40219.1
Project("{FAE04EC0-301F-11D3-BF4B-00C04F79EFBC}") = "WpfApp13_1", "WpfApp13_1\WpfApp13_1.csproj", "{B0C02A34-B94C-4F53-AC15-9CB70C6A8D16}"
EndProject
Global
	GlobalSection(SolutionConfigurationPlatforms) = preSolution
		Debug|Any CPU = Debug|Any CPU
		Release|Any CPU = Release|Any CPU
	EndGlobalSection
	GlobalSection(ProjectConfigurationPlatforms) = postSolution
		{B0C02A34-B94C-4F53-AC15-9CB70C6A8D16}.Debug|Any CPU.ActiveCfg = Debug|Any CPU
		{B0C02A34-B94C-4F53-AC15-9CB70C6A8D16}.Debug|Any CPU.Build.0 = Debug|Any CPU
		{B0C02A34-B94C-4F53-AC15-9CB70C6A8D16}.Release|Any CPU.ActiveCfg = Release|Any CPU
		{B0C02A34-B94C-4F53-AC15-9CB70C6A8D16}.Release|Any CPU.Build.0 = Release|Any CPU
	EndGlobalSection
	GlobalSection(SolutionProperties) = preSolution
		HideSolutionNode = FALSE
	EndGlobalSection
	GlobalSection(ExtensibilityGlobals) = postSolution
		SolutionGuid = {DCA9C421-D218-473C-9EDF-24E9092B3A00}
	EndGlobalSection
EndGlobal
